// !$*UTF8*$!
{
	archiveVersion = 1;
	classes = {
	};
	objectVersion = 46;
	objects = {

/* Begin PBXBuildFile section */
		71ACB9F91ECAEB5D0048D5B7 /* AppDelegate.swift in Sources */ = {isa = PBXBuildFile; fileRef = 71ACB9F81ECAEB5D0048D5B7 /* AppDelegate.swift */; };
		71ACB9FB1ECAEB5D0048D5B7 /* ViewController.swift in Sources */ = {isa = PBXBuildFile; fileRef = 71ACB9FA1ECAEB5D0048D5B7 /* ViewController.swift */; };
		71ACB9FE1ECAEB5D0048D5B7 /* Main.storyboard in Resources */ = {isa = PBXBuildFile; fileRef = 71ACB9FC1ECAEB5D0048D5B7 /* Main.storyboard */; };
		71ACBA001ECAEB5D0048D5B7 /* Assets.xcassets in Resources */ = {isa = PBXBuildFile; fileRef = 71ACB9FF1ECAEB5D0048D5B7 /* Assets.xcassets */; };
		71ACBA031ECAEB5D0048D5B7 /* LaunchScreen.storyboard in Resources */ = {isa = PBXBuildFile; fileRef = 71ACBA011ECAEB5D0048D5B7 /* LaunchScreen.storyboard */; };
		71ACBA0E1ECAEB5E0048D5B7 /* UIKitTestTests.swift in Sources */ = {isa = PBXBuildFile; fileRef = 71ACBA0D1ECAEB5E0048D5B7 /* UIKitTestTests.swift */; };
		71ACBA191ECAEB5E0048D5B7 /* UIKitTestUITests.swift in Sources */ = {isa = PBXBuildFile; fileRef = 71ACBA181ECAEB5E0048D5B7 /* UIKitTestUITests.swift */; };
/* End PBXBuildFile section */

/* Begin PBXContainerItemProxy section */
		71ACBA0A1ECAEB5E0048D5B7 /* PBXContainerItemProxy */ = {
			isa = PBXContainerItemProxy;
			containerPortal = 71ACB9ED1ECAEB5D0048D5B7 /* Project object */;
			proxyType = 1;
			remoteGlobalIDString = 71ACB9F41ECAEB5D0048D5B7;
			remoteInfo = UIKitTest;
		};
		71ACBA151ECAEB5E0048D5B7 /* PBXContainerItemProxy */ = {
			isa = PBXContainerItemProxy;
			containerPortal = 71ACB9ED1ECAEB5D0048D5B7 /* Project object */;
			proxyType = 1;
			remoteGlobalIDString = 71ACB9F41ECAEB5D0048D5B7;
			remoteInfo = UIKitTest;
		};
/* End PBXContainerItemProxy section */

/* Begin PBXFileReference section */
		71ACB9F51ECAEB5D0048D5B7 /* UIKitTest.app */ = {isa = PBXFileReference; explicitFileType = wrapper.application; includeInIndex = 0; path = UIKitTest.app; sourceTree = BUILT_PRODUCTS_DIR; };
		71ACB9F81ECAEB5D0048D5B7 /* AppDelegate.swift */ = {isa = PBXFileReference; lastKnownFileType = sourcecode.swift; path = AppDelegate.swift; sourceTree = "<group>"; };
		71ACB9FA1ECAEB5D0048D5B7 /* ViewController.swift */ = {isa = PBXFileReference; lastKnownFileType = sourcecode.swift; path = ViewController.swift; sourceTree = "<group>"; };
		71ACB9FD1ECAEB5D0048D5B7 /* Base */ = {isa = PBXFileReference; lastKnownFileType = file.storyboard; name = Base; path = Base.lproj/Main.storyboard; sourceTree = "<group>"; };
		71ACB9FF1ECAEB5D0048D5B7 /* Assets.xcassets */ = {isa = PBXFileReference; lastKnownFileType = folder.assetcatalog; path = Assets.xcassets; sourceTree = "<group>"; };
		71ACBA021ECAEB5D0048D5B7 /* Base */ = {isa = PBXFileReference; lastKnownFileType = file.storyboard; name = Base; path = Base.lproj/LaunchScreen.storyboard; sourceTree = "<group>"; };
		71ACBA041ECAEB5D0048D5B7 /* Info.plist */ = {isa = PBXFileReference; lastKnownFileType = text.plist.xml; path = Info.plist; sourceTree = "<group>"; };
		71ACBA091ECAEB5E0048D5B7 /* UIKitTestTests.xctest */ = {isa = PBXFileReference; explicitFileType = wrapper.cfbundle; includeInIndex = 0; path = UIKitTestTests.xctest; sourceTree = BUILT_PRODUCTS_DIR; };
		71ACBA0D1ECAEB5E0048D5B7 /* UIKitTestTests.swift */ = {isa = PBXFileReference; lastKnownFileType = sourcecode.swift; path = UIKitTestTests.swift; sourceTree = "<group>"; };
		71ACBA0F1ECAEB5E0048D5B7 /* Info.plist */ = {isa = PBXFileReference; lastKnownFileType = text.plist.xml; path = Info.plist; sourceTree = "<group>"; };
		71ACBA141ECAEB5E0048D5B7 /* UIKitTestUITests.xctest */ = {isa = PBXFileReference; explicitFileType = wrapper.cfbundle; includeInIndex = 0; path = UIKitTestUITests.xctest; sourceTree = BUILT_PRODUCTS_DIR; };
		71ACBA181ECAEB5E0048D5B7 /* UIKitTestUITests.swift */ = {isa = PBXFileReference; lastKnownFileType = sourcecode.swift; path = UIKitTestUITests.swift; sourceTree = "<group>"; };
		71ACBA1A1ECAEB5E0048D5B7 /* Info.plist */ = {isa = PBXFileReference; lastKnownFileType = text.plist.xml; path = Info.plist; sourceTree = "<group>"; };
/* End PBXFileReference section */

/* Begin PBXFrameworksBuildPhase section */
		71ACB9F21ECAEB5D0048D5B7 /* Frameworks */ = {
			isa = PBXFrameworksBuildPhase;
			buildActionMask = 2147483647;
			files = (
			);
			runOnlyForDeploymentPostprocessing = 0;
		};
		71ACBA061ECAEB5E0048D5B7 /* Frameworks */ = {
			isa = PBXFrameworksBuildPhase;
			buildActionMask = 2147483647;
			files = (
			);
			runOnlyForDeploymentPostprocessing = 0;
		};
		71ACBA111ECAEB5E0048D5B7 /* Frameworks */ = {
			isa = PBXFrameworksBuildPhase;
			buildActionMask = 2147483647;
			files = (
			);
			runOnlyForDeploymentPostprocessing = 0;
		};
/* End PBXFrameworksBuildPhase section */

/* Begin PBXGroup section */
		71ACB9EC1ECAEB5D0048D5B7 = {
			isa = PBXGroup;
			children = (
				71ACB9F71ECAEB5D0048D5B7 /* UIKitTest */,
				71ACBA0C1ECAEB5E0048D5B7 /* UIKitTestTests */,
				71ACBA171ECAEB5E0048D5B7 /* UIKitTestUITests */,
				71ACB9F61ECAEB5D0048D5B7 /* Products */,
			);
			sourceTree = "<group>";
		};
		71ACB9F61ECAEB5D0048D5B7 /* Products */ = {
			isa = PBXGroup;
			children = (
				71ACB9F51ECAEB5D0048D5B7 /* UIKitTest.app */,
				71ACBA091ECAEB5E0048D5B7 /* UIKitTestTests.xctest */,
				71ACBA141ECAEB5E0048D5B7 /* UIKitTestUITests.xctest */,
			);
			name = Products;
			sourceTree = "<group>";
		};
		71ACB9F71ECAEB5D0048D5B7 /* UIKitTest */ = {
			isa = PBXGroup;
			children = (
				71ACB9F81ECAEB5D0048D5B7 /* AppDelegate.swift */,
				71ACB9FA1ECAEB5D0048D5B7 /* ViewController.swift */,
				71ACB9FC1ECAEB5D0048D5B7 /* Main.storyboard */,
				71ACB9FF1ECAEB5D0048D5B7 /* Assets.xcassets */,
				71ACBA011ECAEB5D0048D5B7 /* LaunchScreen.storyboard */,
				71ACBA041ECAEB5D0048D5B7 /* Info.plist */,
			);
			path = UIKitTest;
			sourceTree = "<group>";
		};
		71ACBA0C1ECAEB5E0048D5B7 /* UIKitTestTests */ = {
			isa = PBXGroup;
			children = (
				71ACBA0D1ECAEB5E0048D5B7 /* UIKitTestTests.swift */,
				71ACBA0F1ECAEB5E0048D5B7 /* Info.plist */,
			);
			path = UIKitTestTests;
			sourceTree = "<group>";
		};
		71ACBA171ECAEB5E0048D5B7 /* UIKitTestUITests */ = {
			isa = PBXGroup;
			children = (
				71ACBA181ECAEB5E0048D5B7 /* UIKitTestUITests.swift */,
				71ACBA1A1ECAEB5E0048D5B7 /* Info.plist */,
			);
			path = UIKitTestUITests;
			sourceTree = "<group>";
		};
/* End PBXGroup section */

/* Begin PBXNativeTarget section */
		71ACB9F41ECAEB5D0048D5B7 /* UIKitTest */ = {
			isa = PBXNativeTarget;
			buildConfigurationList = 71ACBA1D1ECAEB5E0048D5B7 /* Build configuration list for PBXNativeTarget "UIKitTest" */;
			buildPhases = (
				71ACB9F11ECAEB5D0048D5B7 /* Sources */,
				71ACB9F21ECAEB5D0048D5B7 /* Frameworks */,
				71ACB9F31ECAEB5D0048D5B7 /* Resources */,
			);
			buildRules = (
			);
			dependencies = (
			);
			name = UIKitTest;
			productName = UIKitTest;
			productReference = 71ACB9F51ECAEB5D0048D5B7 /* UIKitTest.app */;
			productType = "com.apple.product-type.application";
		};
		71ACBA081ECAEB5E0048D5B7 /* UIKitTestTests */ = {
			isa = PBXNativeTarget;
			buildConfigurationList = 71ACBA201ECAEB5E0048D5B7 /* Build configuration list for PBXNativeTarget "UIKitTestTests" */;
			buildPhases = (
				71ACBA051ECAEB5E0048D5B7 /* Sources */,
				71ACBA061ECAEB5E0048D5B7 /* Frameworks */,
				71ACBA071ECAEB5E0048D5B7 /* Resources */,
			);
			buildRules = (
			);
			dependencies = (
				71ACBA0B1ECAEB5E0048D5B7 /* PBXTargetDependency */,
			);
			name = UIKitTestTests;
			productName = UIKitTestTests;
			productReference = 71ACBA091ECAEB5E0048D5B7 /* UIKitTestTests.xctest */;
			productType = "com.apple.product-type.bundle.unit-test";
		};
		71ACBA131ECAEB5E0048D5B7 /* UIKitTestUITests */ = {
			isa = PBXNativeTarget;
			buildConfigurationList = 71ACBA231ECAEB5E0048D5B7 /* Build configuration list for PBXNativeTarget "UIKitTestUITests" */;
			buildPhases = (
				71ACBA101ECAEB5E0048D5B7 /* Sources */,
				71ACBA111ECAEB5E0048D5B7 /* Frameworks */,
				71ACBA121ECAEB5E0048D5B7 /* Resources */,
			);
			buildRules = (
			);
			dependencies = (
				71ACBA161ECAEB5E0048D5B7 /* PBXTargetDependency */,
			);
			name = UIKitTestUITests;
			productName = UIKitTestUITests;
			productReference = 71ACBA141ECAEB5E0048D5B7 /* UIKitTestUITests.xctest */;
			productType = "com.apple.product-type.bundle.ui-testing";
		};
/* End PBXNativeTarget section */

/* Begin PBXProject section */
		71ACB9ED1ECAEB5D0048D5B7 /* Project object */ = {
			isa = PBXProject;
			attributes = {
				LastSwiftUpdateCheck = 0830;
				LastUpgradeCheck = 0830;
				ORGANIZATIONNAME = "Pinak Jalan";
				TargetAttributes = {
					71ACB9F41ECAEB5D0048D5B7 = {
						CreatedOnToolsVersion = 8.3.2;
						ProvisioningStyle = Automatic;
					};
					71ACBA081ECAEB5E0048D5B7 = {
						CreatedOnToolsVersion = 8.3.2;
						ProvisioningStyle = Automatic;
						TestTargetID = 71ACB9F41ECAEB5D0048D5B7;
					};
					71ACBA131ECAEB5E0048D5B7 = {
						CreatedOnToolsVersion = 8.3.2;
						ProvisioningStyle = Automatic;
						TestTargetID = 71ACB9F41ECAEB5D0048D5B7;
					};
				};
			};
			buildConfigurationList = 71ACB9F01ECAEB5D0048D5B7 /* Build configuration list for PBXProject "UIKitTest" */;
			compatibilityVersion = "Xcode 3.2";
			developmentRegion = English;
			hasScannedForEncodings = 0;
			knownRegions = (
				en,
				Base,
			);
			mainGroup = 71ACB9EC1ECAEB5D0048D5B7;
			productRefGroup = 71ACB9F61ECAEB5D0048D5B7 /* Products */;
			projectDirPath = "";
			projectRoot = "";
			targets = (
				71ACB9F41ECAEB5D0048D5B7 /* UIKitTest */,
				71ACBA081ECAEB5E0048D5B7 /* UIKitTestTests */,
				71ACBA131ECAEB5E0048D5B7 /* UIKitTestUITests */,
			);
		};
/* End PBXProject section */

/* Begin PBXResourcesBuildPhase section */
		71ACB9F31ECAEB5D0048D5B7 /* Resources */ = {
			isa = PBXResourcesBuildPhase;
			buildActionMask = 2147483647;
			files = (
				71ACBA031ECAEB5D0048D5B7 /* LaunchScreen.storyboard in Resources */,
				71ACBA001ECAEB5D0048D5B7 /* Assets.xcassets in Resources */,
				71ACB9FE1ECAEB5D0048D5B7 /* Main.storyboard in Resources */,
			);
			runOnlyForDeploymentPostprocessing = 0;
		};
		71ACBA071ECAEB5E0048D5B7 /* Resources */ = {
			isa = PBXResourcesBuildPhase;
			buildActionMask = 2147483647;
			files = (
			);
			runOnlyForDeploymentPostprocessing = 0;
		};
		71ACBA121ECAEB5E0048D5B7 /* Resources */ = {
			isa = PBXResourcesBuildPhase;
			buildActionMask = 2147483647;
			files = (
			);
			runOnlyForDeploymentPostprocessing = 0;
		};
/* End PBXResourcesBuildPhase section */

/* Begin PBXSourcesBuildPhase section */
		71ACB9F11ECAEB5D0048D5B7 /* Sources */ = {
			isa = PBXSourcesBuildPhase;
			buildActionMask = 2147483647;
			files = (
				71ACB9FB1ECAEB5D0048D5B7 /* ViewController.swift in Sources */,
				71ACB9F91ECAEB5D0048D5B7 /* AppDelegate.swift in Sources */,
			);
			runOnlyForDeploymentPostprocessing = 0;
		};
		71ACBA051ECAEB5E0048D5B7 /* Sources */ = {
			isa = PBXSourcesBuildPhase;
			buildActionMask = 2147483647;
			files = (
				71ACBA0E1ECAEB5E0048D5B7 /* UIKitTestTests.swift in Sources */,
			);
			runOnlyForDeploymentPostprocessing = 0;
		};
		71ACBA101ECAEB5E0048D5B7 /* Sources */ = {
			isa = PBXSourcesBuildPhase;
			buildActionMask = 2147483647;
			files = (
				71ACBA191ECAEB5E0048D5B7 /* UIKitTestUITests.swift in Sources */,
			);
			runOnlyForDeploymentPostprocessing = 0;
		};
/* End PBXSourcesBuildPhase section */

/* Begin PBXTargetDependency section */
		71ACBA0B1ECAEB5E0048D5B7 /* PBXTargetDependency */ = {
			isa = PBXTargetDependency;
			target = 71ACB9F41ECAEB5D0048D5B7 /* UIKitTest */;
			targetProxy = 71ACBA0A1ECAEB5E0048D5B7 /* PBXContainerItemProxy */;
		};
		71ACBA161ECAEB5E0048D5B7 /* PBXTargetDependency */ = {
			isa = PBXTargetDependency;
			target = 71ACB9F41ECAEB5D0048D5B7 /* UIKitTest */;
			targetProxy = 71ACBA151ECAEB5E0048D5B7 /* PBXContainerItemProxy */;
		};
/* End PBXTargetDependency section */

/* Begin PBXVariantGroup section */
		71ACB9FC1ECAEB5D0048D5B7 /* Main.storyboard */ = {
			isa = PBXVariantGroup;
			children = (
				71ACB9FD1ECAEB5D0048D5B7 /* Base */,
			);
			name = Main.storyboard;
			sourceTree = "<group>";
		};
		71ACBA011ECAEB5D0048D5B7 /* LaunchScreen.storyboard */ = {
			isa = PBXVariantGroup;
			children = (
				71ACBA021ECAEB5D0048D5B7 /* Base */,
			);
			name = LaunchScreen.storyboard;
			sourceTree = "<group>";
		};
/* End PBXVariantGroup section */

/* Begin XCBuildConfiguration section */
		71ACBA1B1ECAEB5E0048D5B7 /* Debug */ = {
			isa = XCBuildConfiguration;
			buildSettings = {
				ALWAYS_SEARCH_USER_PATHS = NO;
				CLANG_ANALYZER_NONNULL = YES;
				CLANG_ANALYZER_NUMBER_OBJECT_CONVERSION = YES_AGGRESSIVE;
				CLANG_CXX_LANGUAGE_STANDARD = "gnu++0x";
				CLANG_CXX_LIBRARY = "libc++";
				CLANG_ENABLE_MODULES = YES;
				CLANG_ENABLE_OBJC_ARC = YES;
				CLANG_WARN_BOOL_CONVERSION = YES;
				CLANG_WARN_CONSTANT_CONVERSION = YES;
				CLANG_WARN_DIRECT_OBJC_ISA_USAGE = YES_ERROR;
				CLANG_WARN_DOCUMENTATION_COMMENTS = YES;
				CLANG_WARN_EMPTY_BODY = YES;
				CLANG_WARN_ENUM_CONVERSION = YES;
				CLANG_WARN_INFINITE_RECURSION = YES;
				CLANG_WARN_INT_CONVERSION = YES;
				CLANG_WARN_OBJC_ROOT_CLASS = YES_ERROR;
				CLANG_WARN_SUSPICIOUS_MOVE = YES;
				CLANG_WARN_UNREACHABLE_CODE = YES;
				CLANG_WARN__DUPLICATE_METHOD_MATCH = YES;
				"CODE_SIGN_IDENTITY[sdk=iphoneos*]" = "iPhone Developer";
				COPY_PHASE_STRIP = NO;
				DEBUG_INFORMATION_FORMAT = dwarf;
				ENABLE_STRICT_OBJC_MSGSEND = YES;
				ENABLE_TESTABILITY = YES;
				GCC_C_LANGUAGE_STANDARD = gnu99;
				GCC_DYNAMIC_NO_PIC = NO;
				GCC_NO_COMMON_BLOCKS = YES;
				GCC_OPTIMIZATION_LEVEL = 0;
				GCC_PREPROCESSOR_DEFINITIONS = (
					"DEBUG=1",
					"$(inherited)",
				);
				GCC_WARN_64_TO_32_BIT_CONVERSION = YES;
				GCC_WARN_ABOUT_RETURN_TYPE = YES_ERROR;
				GCC_WARN_UNDECLARED_SELECTOR = YES;
				GCC_WARN_UNINITIALIZED_AUTOS = YES_AGGRESSIVE;
				GCC_WARN_UNUSED_FUNCTION = YES;
				GCC_WARN_UNUSED_VARIABLE = YES;
				IPHONEOS_DEPLOYMENT_TARGET = 10.3;
				MTL_ENABLE_DEBUG_INFO = YES;
				ONLY_ACTIVE_ARCH = YES;
				SDKROOT = iphoneos;
				SWIFT_ACTIVE_COMPILATION_CONDITIONS = DEBUG;
				SWIFT_OPTIMIZATION_LEVEL = "-Onone";
				TARGETED_DEVICE_FAMILY = "1,2";
			};
			name = Debug;
		};
		71ACBA1C1ECAEB5E0048D5B7 /* Release */ = {
			isa = XCBuildConfiguration;
			buildSettings = {
				ALWAYS_SEARCH_USER_PATHS = NO;
				CLANG_ANALYZER_NONNULL = YES;
				CLANG_ANALYZER_NUMBER_OBJECT_CONVERSION = YES_AGGRESSIVE;
				CLANG_CXX_LANGUAGE_STANDARD = "gnu++0x";
				CLANG_CXX_LIBRARY = "libc++";
				CLANG_ENABLE_MODULES = YES;
				CLANG_ENABLE_OBJC_ARC = YES;
				CLANG_WARN_BOOL_CONVERSION = YES;
				CLANG_WARN_CONSTANT_CONVERSION = YES;
				CLANG_WARN_DIRECT_OBJC_ISA_USAGE = YES_ERROR;
				CLANG_WARN_DOCUMENTATION_COMMENTS = YES;
				CLANG_WARN_EMPTY_BODY = YES;
				CLANG_WARN_ENUM_CONVERSION = YES;
				CLANG_WARN_INFINITE_RECURSION = YES;
				CLANG_WARN_INT_CONVERSION = YES;
				CLANG_WARN_OBJC_ROOT_CLASS = YES_ERROR;
				CLANG_WARN_SUSPICIOUS_MOVE = YES;
				CLANG_WARN_UNREACHABLE_CODE = YES;
				CLANG_WARN__DUPLICATE_METHOD_MATCH = YES;
				"CODE_SIGN_IDENTITY[sdk=iphoneos*]" = "iPhone Developer";
				COPY_PHASE_STRIP = NO;
				DEBUG_INFORMATION_FORMAT = "dwarf-with-dsym";
				ENABLE_NS_ASSERTIONS = NO;
				ENABLE_STRICT_OBJC_MSGSEND = YES;
				GCC_C_LANGUAGE_STANDARD = gnu99;
				GCC_NO_COMMON_BLOCKS = YES;
				GCC_WARN_64_TO_32_BIT_CONVERSION = YES;
				GCC_WARN_ABOUT_RETURN_TYPE = YES_ERROR;
				GCC_WARN_UNDECLARED_SELECTOR = YES;
				GCC_WARN_UNINITIALIZED_AUTOS = YES_AGGRESSIVE;
				GCC_WARN_UNUSED_FUNCTION = YES;
				GCC_WARN_UNUSED_VARIABLE = YES;
				IPHONEOS_DEPLOYMENT_TARGET = 10.3;
				MTL_ENABLE_DEBUG_INFO = NO;
				SDKROOT = iphoneos;
				SWIFT_OPTIMIZATION_LEVEL = "-Owholemodule";
				TARGETED_DEVICE_FAMILY = "1,2";
				VALIDATE_PRODUCT = YES;
			};
			name = Release;
		};
		71ACBA1E1ECAEB5E0048D5B7 /* Debug */ = {
			isa = XCBuildConfiguration;
			buildSettings = {
				ASSETCATALOG_COMPILER_APPICON_NAME = AppIcon;
				INFOPLIST_FILE = UIKitTest/Info.plist;
				LD_RUNPATH_SEARCH_PATHS = "$(inherited) @executable_path/Frameworks";
				PRODUCT_BUNDLE_IDENTIFIER = Pinak.UIKitTest;
				PRODUCT_NAME = "$(TARGET_NAME)";
				SWIFT_VERSION = 3.0;
			};
			name = Debug;
		};
		71ACBA1F1ECAEB5E0048D5B7 /* Release */ = {
			isa = XCBuildConfiguration;
			buildSettings = {
				ASSETCATALOG_COMPILER_APPICON_NAME = AppIcon;
				INFOPLIST_FILE = UIKitTest/Info.plist;
				LD_RUNPATH_SEARCH_PATHS = "$(inherited) @executable_path/Frameworks";
				PRODUCT_BUNDLE_IDENTIFIER = Pinak.UIKitTest;
				PRODUCT_NAME = "$(TARGET_NAME)";
				SWIFT_VERSION = 3.0;
			};
			name = Release;
		};
		71ACBA211ECAEB5E0048D5B7 /* Debug */ = {
			isa = XCBuildConfiguration;
			buildSettings = {
				ALWAYS_EMBED_SWIFT_STANDARD_LIBRARIES = YES;
				BUNDLE_LOADER = "$(TEST_HOST)";
				INFOPLIST_FILE = UIKitTestTests/Info.plist;
				LD_RUNPATH_SEARCH_PATHS = "$(inherited) @executable_path/Frameworks @loader_path/Frameworks";
				PRODUCT_BUNDLE_IDENTIFIER = Pinak.UIKitTestTests;
				PRODUCT_NAME = "$(TARGET_NAME)";
				SWIFT_VERSION = 3.0;
				TEST_HOST = "$(BUILT_PRODUCTS_DIR)/UIKitTest.app/UIKitTest";
			};
			name = Debug;
		};
		71ACBA221ECAEB5E0048D5B7 /* Release */ = {
			isa = XCBuildConfiguration;
			buildSettings = {
				ALWAYS_EMBED_SWIFT_STANDARD_LIBRARIES = YES;
				BUNDLE_LOADER = "$(TEST_HOST)";
				INFOPLIST_FILE = UIKitTestTests/Info.plist;
				LD_RUNPATH_SEARCH_PATHS = "$(inherited) @executable_path/Frameworks @loader_path/Frameworks";
				PRODUCT_BUNDLE_IDENTIFIER = Pinak.UIKitTestTests;
				PRODUCT_NAME = "$(TARGET_NAME)";
				SWIFT_VERSION = 3.0;
				TEST_HOST = "$(BUILT_PRODUCTS_DIR)/UIKitTest.app/UIKitTest";
			};
			name = Release;
		};
		71ACBA241ECAEB5E0048D5B7 /* Debug */ = {
			isa = XCBuildConfiguration;
			buildSettings = {
				ALWAYS_EMBED_SWIFT_STANDARD_LIBRARIES = YES;
				INFOPLIST_FILE = UIKitTestUITests/Info.plist;
				LD_RUNPATH_SEARCH_PATHS = "$(inherited) @executable_path/Frameworks @loader_path/Frameworks";
				PRODUCT_BUNDLE_IDENTIFIER = Pinak.UIKitTestUITests;
				PRODUCT_NAME = "$(TARGET_NAME)";
				SWIFT_VERSION = 3.0;
				TEST_TARGET_NAME = UIKitTest;
			};
			name = Debug;
		};
		71ACBA251ECAEB5E0048D5B7 /* Release */ = {
			isa = XCBuildConfiguration;
			buildSettings = {
				ALWAYS_EMBED_SWIFT_STANDARD_LIBRARIES = YES;
				INFOPLIST_FILE = UIKitTestUITests/Info.plist;
				LD_RUNPATH_SEARCH_PATHS = "$(inherited) @executable_path/Frameworks @loader_path/Frameworks";
				PRODUCT_BUNDLE_IDENTIFIER = Pinak.UIKitTestUITests;
				PRODUCT_NAME = "$(TARGET_NAME)";
				SWIFT_VERSION = 3.0;
				TEST_TARGET_NAME = UIKitTest;
			};
			name = Release;
		};
/* End XCBuildConfiguration section */

/* Begin XCConfigurationList section */
		71ACB9F01ECAEB5D0048D5B7 /* Build configuration list for PBXProject "UIKitTest" */ = {
			isa = XCConfigurationList;
			buildConfigurations = (
				71ACBA1B1ECAEB5E0048D5B7 /* Debug */,
				71ACBA1C1ECAEB5E0048D5B7 /* Release */,
			);
			defaultConfigurationIsVisible = 0;
			defaultConfigurationName = Release;
		};
		71ACBA1D1ECAEB5E0048D5B7 /* Build configuration list for PBXNativeTarget "UIKitTest" */ = {
			isa = XCConfigurationList;
			buildConfigurations = (
				71ACBA1E1ECAEB5E0048D5B7 /* Debug */,
				71ACBA1F1ECAEB5E0048D5B7 /* Release */,
			);
			defaultConfigurationIsVisible = 0;
		};
		71ACBA201ECAEB5E0048D5B7 /* Build configuration list for PBXNativeTarget "UIKitTestTests" */ = {
			isa = XCConfigurationList;
			buildConfigurations = (
				71ACBA211ECAEB5E0048D5B7 /* Debug */,
				71ACBA221ECAEB5E0048D5B7 /* Release */,
			);
			defaultConfigurationIsVisible = 0;
		};
		71ACBA231ECAEB5E0048D5B7 /* Build configuration list for PBXNativeTarget "UIKitTestUITests" */ = {
			isa = XCConfigurationList;
			buildConfigurations = (
				71ACBA241ECAEB5E0048D5B7 /* Debug */,
				71ACBA251ECAEB5E0048D5B7 /* Release */,
			);
			defaultConfigurationIsVisible = 0;
		};
/* End XCConfigurationList section */
	};
	rootObject = 71ACB9ED1ECAEB5D0048D5B7 /* Project object */;
}
